// !$*UTF8*$!
{
	archiveVersion = 1;
	classes = {
	};
	objectVersion = 46;
	objects = {

/* Begin PBXBuildFile section */
		02CFBE121A84F497001FD488 /* main.m in Sources */ = {isa = PBXBuildFile; fileRef = 02CFBE111A84F497001FD488 /* main.m */; };
		02CFBE1A1A84F4C2001FD488 /* Pilha.m in Sources */ = {isa = PBXBuildFile; fileRef = 02CFBE191A84F4C2001FD488 /* Pilha.m */; };
/* End PBXBuildFile section */

/* Begin PBXCopyFilesBuildPhase section */
		02CFBE0C1A84F497001FD488 /* CopyFiles */ = {
			isa = PBXCopyFilesBuildPhase;
			buildActionMask = 2147483647;
			dstPath = /usr/share/man/man1/;
			dstSubfolderSpec = 0;
			files = (
			);
			runOnlyForDeploymentPostprocessing = 1;
		};
/* End PBXCopyFilesBuildPhase section */

/* Begin PBXFileReference section */
		02CFBE0E1A84F497001FD488 /* TerminarPilha */ = {isa = PBXFileReference; explicitFileType = "compiled.mach-o.executable"; includeInIndex = 0; path = TerminarPilha; sourceTree = BUILT_PRODUCTS_DIR; };
		02CFBE111A84F497001FD488 /* main.m */ = {isa = PBXFileReference; lastKnownFileType = sourcecode.c.objc; path = main.m; sourceTree = "<group>"; };
		02CFBE181A84F4C2001FD488 /* Pilha.h */ = {isa = PBXFileReference; fileEncoding = 4; lastKnownFileType = sourcecode.c.h; path = Pilha.h; sourceTree = "<group>"; };
		02CFBE191A84F4C2001FD488 /* Pilha.m */ = {isa = PBXFileReference; fileEncoding = 4; lastKnownFileType = sourcecode.c.objc; path = Pilha.m; sourceTree = "<group>"; };
/* End PBXFileReference section */

/* Begin PBXFrameworksBuildPhase section */
		02CFBE0B1A84F497001FD488 /* Frameworks */ = {
			isa = PBXFrameworksBuildPhase;
			buildActionMask = 2147483647;
			files = (
			);
			runOnlyForDeploymentPostprocessing = 0;
		};
/* End PBXFrameworksBuildPhase section */

/* Begin PBXGroup section */
		02CFBE051A84F497001FD488 = {
			isa = PBXGroup;
			children = (
				02CFBE181A84F4C2001FD488 /* Pilha.h */,
				02CFBE191A84F4C2001FD488 /* Pilha.m */,
				02CFBE101A84F497001FD488 /* ExercicioPillha */,
				02CFBE0F1A84F497001FD488 /* Products */,
			);
			sourceTree = "<group>";
		};
		02CFBE0F1A84F497001FD488 /* Products */ = {
			isa = PBXGroup;
			children = (
				02CFBE0E1A84F497001FD488 /* TerminarPilha */,
			);
			name = Products;
			sourceTree = "<group>";
		};
		02CFBE101A84F497001FD488 /* ExercicioPillha */ = {
			isa = PBXGroup;
			children = (
				02CFBE111A84F497001FD488 /* main.m */,
			);
			path = ExercicioPillha;
			sourceTree = "<group>";
		};
/* End PBXGroup section */

/* Begin PBXNativeTarget section */
		02CFBE0D1A84F497001FD488 /* TerminarPilha */ = {
			isa = PBXNativeTarget;
			buildConfigurationList = 02CFBE151A84F497001FD488 /* Build configuration list for PBXNativeTarget "TerminarPilha" */;
			buildPhases = (
				02CFBE0A1A84F497001FD488 /* Sources */,
				02CFBE0B1A84F497001FD488 /* Frameworks */,
				02CFBE0C1A84F497001FD488 /* CopyFiles */,
			);
			buildRules = (
			);
			dependencies = (
			);
			name = TerminarPilha;
			productName = ExercicioPillha;
			productReference = 02CFBE0E1A84F497001FD488 /* TerminarPilha */;
			productType = "com.apple.product-type.tool";
		};
/* End PBXNativeTarget section */

/* Begin PBXProject section */
		02CFBE061A84F497001FD488 /* Project object */ = {
			isa = PBXProject;
			attributes = {
				LastUpgradeCheck = 0610;
				ORGANIZATIONNAME = "Lidia Chou";
				TargetAttributes = {
					02CFBE0D1A84F497001FD488 = {
						CreatedOnToolsVersion = 6.1.1;
					};
				};
			};
			buildConfigurationList = 02CFBE091A84F497001FD488 /* Build configuration list for PBXProject "TerminarPilha" */;
			compatibilityVersion = "Xcode 3.2";
			developmentRegion = English;
			hasScannedForEncodings = 0;
			knownRegions = (
				en,
			);
			mainGroup = 02CFBE051A84F497001FD488;
			productRefGroup = 02CFBE0F1A84F497001FD488 /* Products */;
			projectDirPath = "";
			projectRoot = "";
			targets = (
				02CFBE0D1A84F497001FD488 /* TerminarPilha */,
			);
		};
/* End PBXProject section */

/* Begin PBXSourcesBuildPhase section */
		02CFBE0A1A84F497001FD488 /* Sources */ = {
			isa = PBXSourcesBuildPhase;
			buildActionMask = 2147483647;
			files = (
				02CFBE1A1A84F4C2001FD488 /* Pilha.m in Sources */,
				02CFBE121A84F497001FD488 /* main.m in Sources */,
			);
			runOnlyForDeploymentPostprocessing = 0;
		};
/* End PBXSourcesBuildPhase section */

/* Begin XCBuildConfiguration section */
		02CFBE131A84F497001FD488 /* Debug */ = {
			isa = XCBuildConfiguration;
			buildSettings = {
				ALWAYS_SEARCH_USER_PATHS = NO;
				CLANG_CXX_LANGUAGE_STANDARD = "gnu++0x";
				CLANG_CXX_LIBRARY = "libc++";
				CLANG_ENABLE_MODULES = YES;
				CLANG_ENABLE_OBJC_ARC = YES;
				CLANG_WARN_BOOL_CONVERSION = YES;
				CLANG_WARN_CONSTANT_CONVERSION = YES;
				CLANG_WARN_DIRECT_OBJC_ISA_USAGE = YES_ERROR;
				CLANG_WARN_EMPTY_BODY = YES;
				CLANG_WARN_ENUM_CONVERSION = YES;
				CLANG_WARN_INT_CONVERSION = YES;
				CLANG_WARN_OBJC_ROOT_CLASS = YES_ERROR;
				CLANG_WARN_UNREACHABLE_CODE = YES;
				CLANG_WARN__DUPLICATE_METHOD_MATCH = YES;
				COPY_PHASE_STRIP = NO;
				ENABLE_STRICT_OBJC_MSGSEND = YES;
				GCC_C_LANGUAGE_STANDARD = gnu99;
				GCC_DYNAMIC_NO_PIC = NO;
				GCC_OPTIMIZATION_LEVEL = 0;
				GCC_PREPROCESSOR_DEFINITIONS = (
					"DEBUG=1",
					"$(inherited)",
				);
				GCC_SYMBOLS_PRIVATE_EXTERN = NO;
				GCC_WARN_64_TO_32_BIT_CONVERSION = YES;
				GCC_WARN_ABOUT_RETURN_TYPE = YES_ERROR;
				GCC_WARN_UNDECLARED_SELECTOR = YES;
				GCC_WARN_UNINITIALIZED_AUTOS = YES_AGGRESSIVE;
				GCC_WARN_UNUSED_FUNCTION = YES;
				GCC_WARN_UNUSED_VARIABLE = YES;
				MACOSX_DEPLOYMENT_TARGET = 10.10;
				MTL_ENABLE_DEBUG_INFO = YES;
				ONLY_ACTIVE_ARCH = YES;
				SDKROOT = macosx;
			};
			name = Debug;
		};
		02CFBE141A84F497001FD488 /* Release */ = {
			isa = XCBuildConfiguration;
			buildSettings = {
				ALWAYS_SEARCH_USER_PATHS = NO;
				CLANG_CXX_LANGUAGE_STANDARD = "gnu++0x";
				CLANG_CXX_LIBRARY = "libc++";
				CLANG_ENABLE_MODULES = YES;
				CLANG_ENABLE_OBJC_ARC = YES;
				CLANG_WARN_BOOL_CONVERSION = YES;
				CLANG_WARN_CONSTANT_CONVERSION = YES;
				CLANG_WARN_DIRECT_OBJC_ISA_USAGE = YES_ERROR;
				CLANG_WARN_EMPTY_BODY = YES;
				CLANG_WARN_ENUM_CONVERSION = YES;
				CLANG_WARN_INT_CONVERSION = YES;
				CLANG_WARN_OBJC_ROOT_CLASS = YES_ERROR;
				CLANG_WARN_UNREACHABLE_CODE = YES;
				CLANG_WARN__DUPLICATE_METHOD_MATCH = YES;
				COPY_PHASE_STRIP = YES;
				DEBUG_INFORMATION_FORMAT = "dwarf-with-dsym";
				ENABLE_NS_ASSERTIONS = NO;
				ENABLE_STRICT_OBJC_MSGSEND = YES;
				GCC_C_LANGUAGE_STANDARD = gnu99;
				GCC_WARN_64_TO_32_BIT_CONVERSION = YES;
				GCC_WARN_ABOUT_RETURN_TYPE = YES_ERROR;
				GCC_WARN_UNDECLARED_SELECTOR = YES;
				GCC_WARN_UNINITIALIZED_AUTOS = YES_AGGRESSIVE;
				GCC_WARN_UNUSED_FUNCTION = YES;
				GCC_WARN_UNUSED_VARIABLE = YES;
				MACOSX_DEPLOYMENT_TARGET = 10.10;
				MTL_ENABLE_DEBUG_INFO = NO;
				SDKROOT = macosx;
			};
			name = Release;
		};
		02CFBE161A84F497001FD488 /* Debug */ = {
			isa = XCBuildConfiguration;
			buildSettings = {
				PRODUCT_NAME = TerminarPilha;
			};
			name = Debug;
		};
		02CFBE171A84F497001FD488 /* Release */ = {
			isa = XCBuildConfiguration;
			buildSettings = {
				PRODUCT_NAME = TerminarPilha;
			};
			name = Release;
		};
/* End XCBuildConfiguration section */

/* Begin XCConfigurationList section */
		02CFBE091A84F497001FD488 /* Build configuration list for PBXProject "TerminarPilha" */ = {
			isa = XCConfigurationList;
			buildConfigurations = (
				02CFBE131A84F497001FD488 /* Debug */,
				02CFBE141A84F497001FD488 /* Release */,
			);
			defaultConfigurationIsVisible = 0;
			defaultConfigurationName = Release;
		};
		02CFBE151A84F497001FD488 /* Build configuration list for PBXNativeTarget "TerminarPilha" */ = {
			isa = XCConfigurationList;
			buildConfigurations = (
				02CFBE161A84F497001FD488 /* Debug */,
				02CFBE171A84F497001FD488 /* Release */,
			);
			defaultConfigurationIsVisible = 0;
		};
/* End XCConfigurationList section */
	};
	rootObject = 02CFBE061A84F497001FD488 /* Project object */;
}
